
Microsoft Visual Studio Solution File, Format Version 12.00
# Visual Studio Version 17
VisualStudioVersion = 17.1.32319.34
MinimumVisualStudioVersion = 10.0.40219.1
Project("{9A19103F-16F7-4668-BE54-9A1E7A4F7556}") = "WhastInt", "WhastInt\WhastInt.csproj", "{29DA5F3E-BAC7-46B8-A6E1-7ED731603028}"
EndProject
Project("{9A19103F-16F7-4668-BE54-9A1E7A4F7556}") = "WhasInt.Infrastructure", "WhasInt.Infrastructure\WhasInt.Infrastructure.csproj", "{4B058371-C5CD-470F-9616-091538815C0F}"
EndProject
Project("{9A19103F-16F7-4668-BE54-9A1E7A4F7556}") = "WhatsInt.Interface", "WhatsInt.Interface\WhatsInt.Interface.csproj", "{39169FB3-2231-4484-93BA-67DD97579776}"
EndProject
Project("{FAE04EC0-301F-11D3-BF4B-00C04F79EFBC}") = "Whatsint.Model", "Whatsint.Model\Whatsint.Model.csproj", "{D0208CCA-EF46-4573-8492-2ED59AC2EAAA}"
EndProject
Global
	GlobalSection(SolutionConfigurationPlatforms) = preSolution
		Debug|Any CPU = Debug|Any CPU
		Release|Any CPU = Release|Any CPU
	EndGlobalSection
	GlobalSection(ProjectConfigurationPlatforms) = postSolution
		{29DA5F3E-BAC7-46B8-A6E1-7ED731603028}.Debug|Any CPU.ActiveCfg = Debug|Any CPU
		{29DA5F3E-BAC7-46B8-A6E1-7ED731603028}.Debug|Any CPU.Build.0 = Debug|Any CPU
		{29DA5F3E-BAC7-46B8-A6E1-7ED731603028}.Release|Any CPU.ActiveCfg = Release|Any CPU
		{29DA5F3E-BAC7-46B8-A6E1-7ED731603028}.Release|Any CPU.Build.0 = Release|Any CPU
		{4B058371-C5CD-470F-9616-091538815C0F}.Debug|Any CPU.ActiveCfg = Debug|Any CPU
		{4B058371-C5CD-470F-9616-091538815C0F}.Debug|Any CPU.Build.0 = Debug|Any CPU
		{4B058371-C5CD-470F-9616-091538815C0F}.Release|Any CPU.ActiveCfg = Release|Any CPU
		{4B058371-C5CD-470F-9616-091538815C0F}.Release|Any CPU.Build.0 = Release|Any CPU
		{39169FB3-2231-4484-93BA-67DD97579776}.Debug|Any CPU.ActiveCfg = Debug|Any CPU
		{39169FB3-2231-4484-93BA-67DD97579776}.Debug|Any CPU.Build.0 = Debug|Any CPU
		{39169FB3-2231-4484-93BA-67DD97579776}.Release|Any CPU.ActiveCfg = Release|Any CPU
		{39169FB3-2231-4484-93BA-67DD97579776}.Release|Any CPU.Build.0 = Release|Any CPU
		{D0208CCA-EF46-4573-8492-2ED59AC2EAAA}.Debug|Any CPU.ActiveCfg = Debug|Any CPU
		{D0208CCA-EF46-4573-8492-2ED59AC2EAAA}.Debug|Any CPU.Build.0 = Debug|Any CPU
		{D0208CCA-EF46-4573-8492-2ED59AC2EAAA}.Release|Any CPU.ActiveCfg = Release|Any CPU
		{D0208CCA-EF46-4573-8492-2ED59AC2EAAA}.Release|Any CPU.Build.0 = Release|Any CPU
	EndGlobalSection
	GlobalSection(SolutionProperties) = preSolution
		HideSolutionNode = FALSE
	EndGlobalSection
	GlobalSection(ExtensibilityGlobals) = postSolution
		SolutionGuid = {2DCD12D5-119F-4E71-8D03-B9D5EFBB42C1}
	EndGlobalSection
EndGlobal
